{
  "name": "phronesis-skeptou",
  "version": "0.1.0",
  "lockfileVersion": 3,
  "requires": true,
  "packages": {
    "": {
      "name": "phronesis-skeptou",
      "version": "0.1.0",
      "devDependencies": {
        "@cloudflare/workers-types": "^4.0.0"
      },
      "engines": {
        "node": ">=20"
      }
    },
    "node_modules/@cloudflare/workers-types": {
      "version": "4.20260511.1",
      "resolved": "https://registry.npmjs.org/@cloudflare/workers-types/-/workers-types-4.20260511.1.tgz",
      "integrity": "sha512-FA+si7cOq9i/gtCHhIc0XJL0l1F/ApF+m00752Aj7WZFJrj3ZulT2T8/+rT3BabMT0QEnqFEGIqCgrmqhgEfMg==",
      "dev": true,
      "license": "MIT OR Apache-2.0"
    }
  }
}
